
Microsoft Visual Studio Solution File, Format Version 12.00
# Visual Studio 2013
VisualStudioVersion = 12.0.31101.0
MinimumVisualStudioVersion = 10.0.40219.1
Project("{FAE04EC0-301F-11D3-BF4B-00C04F79EFBC}") = "Tourist.Data", "Tourist.Data\Tourist.Data.csproj", "{F8A07DB9-35AE-4605-90EB-5F304D9D6450}"
EndProject
Project("{FAE04EC0-301F-11D3-BF4B-00C04F79EFBC}") = "Tourist.Client", "Tourist.Client\Tourist.Client.csproj", "{F5645A12-4E26-4191-82D3-A8D0C4ED7AF2}"
EndProject
Project("{FAE04EC0-301F-11D3-BF4B-00C04F79EFBC}") = "Tourist.Server", "Tourist.Server\Tourist.Server.csproj", "{1679E2FF-B3A4-45F0-9537-6C9A7A15E9AF}"
EndProject
Global
	GlobalSection(SolutionConfigurationPlatforms) = preSolution
		Debug|Any CPU = Debug|Any CPU
		Release|Any CPU = Release|Any CPU
	EndGlobalSection
	GlobalSection(ProjectConfigurationPlatforms) = postSolution
		{F8A07DB9-35AE-4605-90EB-5F304D9D6450}.Debug|Any CPU.ActiveCfg = Debug|Any CPU
		{F8A07DB9-35AE-4605-90EB-5F304D9D6450}.Debug|Any CPU.Build.0 = Debug|Any CPU
		{F8A07DB9-35AE-4605-90EB-5F304D9D6450}.Release|Any CPU.ActiveCfg = Release|Any CPU
		{F8A07DB9-35AE-4605-90EB-5F304D9D6450}.Release|Any CPU.Build.0 = Release|Any CPU
		{F5645A12-4E26-4191-82D3-A8D0C4ED7AF2}.Debug|Any CPU.ActiveCfg = Debug|Any CPU
		{F5645A12-4E26-4191-82D3-A8D0C4ED7AF2}.Debug|Any CPU.Build.0 = Debug|Any CPU
		{F5645A12-4E26-4191-82D3-A8D0C4ED7AF2}.Release|Any CPU.ActiveCfg = Release|Any CPU
		{F5645A12-4E26-4191-82D3-A8D0C4ED7AF2}.Release|Any CPU.Build.0 = Release|Any CPU
		{1679E2FF-B3A4-45F0-9537-6C9A7A15E9AF}.Debug|Any CPU.ActiveCfg = Debug|Any CPU
		{1679E2FF-B3A4-45F0-9537-6C9A7A15E9AF}.Debug|Any CPU.Build.0 = Debug|Any CPU
		{1679E2FF-B3A4-45F0-9537-6C9A7A15E9AF}.Release|Any CPU.ActiveCfg = Release|Any CPU
		{1679E2FF-B3A4-45F0-9537-6C9A7A15E9AF}.Release|Any CPU.Build.0 = Release|Any CPU
	EndGlobalSection
	GlobalSection(SolutionProperties) = preSolution
		HideSolutionNode = FALSE
	EndGlobalSection
EndGlobal
